// !$*UTF8*$!
{
	archiveVersion = 1;
	classes = {
	};
	objectVersion = 46;
	objects = {

/* Begin PBXBuildFile section */
		2A39F5071AD3D42300431052 /* MemoViewController.swift in Sources */ = {isa = PBXBuildFile; fileRef = 2A39F5061AD3D42300431052 /* MemoViewController.swift */; };
		2A51EE2F1AD6CD4600135F02 /* insert.png in Resources */ = {isa = PBXBuildFile; fileRef = 2A51EE2E1AD6CD4600135F02 /* insert.png */; };
		2A51EE311AD6CD4E00135F02 /* save.png in Resources */ = {isa = PBXBuildFile; fileRef = 2A51EE301AD6CD4E00135F02 /* save.png */; };
		2A6EFB071ACA537B008091E5 /* back.png in Resources */ = {isa = PBXBuildFile; fileRef = 2A6EFB061ACA537B008091E5 /* back.png */; };
		2A82B7551ADAAB2F00AE3946 /* MobileCoreServices.framework in Frameworks */ = {isa = PBXBuildFile; fileRef = 2A82B7541ADAAB2F00AE3946 /* MobileCoreServices.framework */; };
		2A82B7571ADAAC0700AE3946 /* CoreText.framework in Frameworks */ = {isa = PBXBuildFile; fileRef = 2A82B7561ADAAC0700AE3946 /* CoreText.framework */; };
		2A82B7591ADAAC0E00AE3946 /* QuartzCore.framework in Frameworks */ = {isa = PBXBuildFile; fileRef = 2A82B7581ADAAC0E00AE3946 /* QuartzCore.framework */; };
		2A82B75B1ADAACA000AE3946 /* ImageIO.framework in Frameworks */ = {isa = PBXBuildFile; fileRef = 2A82B75A1ADAACA000AE3946 /* ImageIO.framework */; };
		2A82B75D1ADAACA900AE3946 /* libxml2.dylib in Frameworks */ = {isa = PBXBuildFile; fileRef = 2A82B75C1ADAACA900AE3946 /* libxml2.dylib */; };
		2A8CD20E1ACD947B000D672F /* AddRemindViewController.swift in Sources */ = {isa = PBXBuildFile; fileRef = 2A8CD20D1ACD947B000D672F /* AddRemindViewController.swift */; };
		2A9114DD1AD3887E00EB250A /* Remind.swift in Sources */ = {isa = PBXBuildFile; fileRef = 2A9114DC1AD3887E00EB250A /* Remind.swift */; };
		2AA834A01AD57F5E00A94B13 /* gradualchange.swift in Sources */ = {isa = PBXBuildFile; fileRef = 2AA8349F1AD57F5E00A94B13 /* gradualchange.swift */; };
		2AA834A61AD57F8C00A94B13 /* JNWSpringAnimation.m in Sources */ = {isa = PBXBuildFile; fileRef = 2AA834A31AD57F8C00A94B13 /* JNWSpringAnimation.m */; };
		2AA834A71AD57F8C00A94B13 /* NSValue+JNWAdditions.m in Sources */ = {isa = PBXBuildFile; fileRef = 2AA834A51AD57F8C00A94B13 /* NSValue+JNWAdditions.m */; };
		2AC4A06F1ACADBF800D73D82 /* Memory.xcdatamodeld in Sources */ = {isa = PBXBuildFile; fileRef = 2AC4A06D1ACADBF800D73D82 /* Memory.xcdatamodeld */; };
		2AC4A0711ACAEC3A00D73D82 /* protocol.swift in Sources */ = {isa = PBXBuildFile; fileRef = 2AC4A0701ACAEC3A00D73D82 /* protocol.swift */; };
		2ACBCB9D1AC99F8900832243 /* AddBillViewController.swift in Sources */ = {isa = PBXBuildFile; fileRef = 2ACBCB9C1AC99F8900832243 /* AddBillViewController.swift */; };
		2AF310E51AC80C6E00A6AADC /* AppDelegate.swift in Sources */ = {isa = PBXBuildFile; fileRef = 2AF310E41AC80C6E00A6AADC /* AppDelegate.swift */; };
		2AF310ED1AC80C6E00A6AADC /* Main.storyboard in Resources */ = {isa = PBXBuildFile; fileRef = 2AF310EB1AC80C6E00A6AADC /* Main.storyboard */; };
		2AF310EF1AC80C6E00A6AADC /* Images.xcassets in Resources */ = {isa = PBXBuildFile; fileRef = 2AF310EE1AC80C6E00A6AADC /* Images.xcassets */; };
		2AF310F21AC80C6E00A6AADC /* LaunchScreen.xib in Resources */ = {isa = PBXBuildFile; fileRef = 2AF310F01AC80C6E00A6AADC /* LaunchScreen.xib */; };
		2AF310FE1AC80C6E00A6AADC /* MemoryTests.swift in Sources */ = {isa = PBXBuildFile; fileRef = 2AF310FD1AC80C6E00A6AADC /* MemoryTests.swift */; };
		2AF311221AC8391F00A6AADC /* TabBarViewController.swift in Sources */ = {isa = PBXBuildFile; fileRef = 2AF311211AC8391F00A6AADC /* TabBarViewController.swift */; };
		2AF311241AC83A2900A6AADC /* OverViewTableViewController.swift in Sources */ = {isa = PBXBuildFile; fileRef = 2AF311231AC83A2900A6AADC /* OverViewTableViewController.swift */; };
		2AF311281AC847C100A6AADC /* AddMemoViewController.swift in Sources */ = {isa = PBXBuildFile; fileRef = 2AF311271AC847C100A6AADC /* AddMemoViewController.swift */; };
		2AF311321AC85C2700A6AADC /* BillTableViewController.swift in Sources */ = {isa = PBXBuildFile; fileRef = 2AF311311AC85C2700A6AADC /* BillTableViewController.swift */; };
		2AF311341AC85C5300A6AADC /* RemindTableViewController.swift in Sources */ = {isa = PBXBuildFile; fileRef = 2AF311331AC85C5300A6AADC /* RemindTableViewController.swift */; };
		2AF311361AC85C6000A6AADC /* MemoTableViewController.swift in Sources */ = {isa = PBXBuildFile; fileRef = 2AF311351AC85C6000A6AADC /* MemoTableViewController.swift */; };
		2AF311381AC85C8200A6AADC /* EssayTableViewController.swift in Sources */ = {isa = PBXBuildFile; fileRef = 2AF311371AC85C8200A6AADC /* EssayTableViewController.swift */; };
/* End PBXBuildFile section */

/* Begin PBXContainerItemProxy section */
		2AF310F81AC80C6E00A6AADC /* PBXContainerItemProxy */ = {
			isa = PBXContainerItemProxy;
			containerPortal = 2AF310D71AC80C6E00A6AADC /* Project object */;
			proxyType = 1;
			remoteGlobalIDString = 2AF310DE1AC80C6E00A6AADC;
			remoteInfo = Memory;
		};
		2AF371111ADC07B700C9733F /* PBXContainerItemProxy */ = {
			isa = PBXContainerItemProxy;
			containerPortal = 2AF371051ADC07B700C9733F /* DTCoreText.xcodeproj */;
			proxyType = 2;
			remoteGlobalIDString = 1D6058910D05DD3D006BFB54;
			remoteInfo = DemoApp;
		};
		2AF371131ADC07B700C9733F /* PBXContainerItemProxy */ = {
			isa = PBXContainerItemProxy;
			containerPortal = 2AF371051ADC07B700C9733F /* DTCoreText.xcodeproj */;
			proxyType = 2;
			remoteGlobalIDString = A70F119B14863198009202BF;
			remoteInfo = "Static Framework";
		};
		2AF371151ADC07B700C9733F /* PBXContainerItemProxy */ = {
			isa = PBXContainerItemProxy;
			containerPortal = 2AF371051ADC07B700C9733F /* DTCoreText.xcodeproj */;
			proxyType = 2;
			remoteGlobalIDString = A70F11DE148632CD009202BF;
			remoteInfo = "Static Library";
		};
		2AF371171ADC07B700C9733F /* PBXContainerItemProxy */ = {
			isa = PBXContainerItemProxy;
			containerPortal = 2AF371051ADC07B700C9733F /* DTCoreText.xcodeproj */;
			proxyType = 2;
			remoteGlobalIDString = A788CA681486456100E1AFD9;
			remoteInfo = UnitTest;
		};
		2AF371191ADC07B700C9733F /* PBXContainerItemProxy */ = {
			isa = PBXContainerItemProxy;
			containerPortal = 2AF371051ADC07B700C9733F /* DTCoreText.xcodeproj */;
			proxyType = 2;
			remoteGlobalIDString = A78D9F781965B7DD00C80986;
			remoteInfo = MacUnitTest;
		};
		2AF3711B1ADC07B700C9733F /* PBXContainerItemProxy */ = {
			isa = PBXContainerItemProxy;
			containerPortal = 2AF371051ADC07B700C9733F /* DTCoreText.xcodeproj */;
			proxyType = 2;
			remoteGlobalIDString = A7F7EFCD1573603100F5A4D0;
			remoteInfo = "Static Library (no DTFoundation)";
		};
		2AF3711D1ADC07B700C9733F /* PBXContainerItemProxy */ = {
			isa = PBXContainerItemProxy;
			containerPortal = 2AF371051ADC07B700C9733F /* DTCoreText.xcodeproj */;
			proxyType = 2;
			remoteGlobalIDString = E2262DC61638331500BFDAD7;
			remoteInfo = "Mac Framework";
		};
/* End PBXContainerItemProxy section */

/* Begin PBXFileReference section */
		2A39F5061AD3D42300431052 /* MemoViewController.swift */ = {isa = PBXFileReference; fileEncoding = 4; lastKnownFileType = sourcecode.swift; path = MemoViewController.swift; sourceTree = "<group>"; };
		2A51EE2E1AD6CD4600135F02 /* insert.png */ = {isa = PBXFileReference; lastKnownFileType = image.png; path = insert.png; sourceTree = "<group>"; };
		2A51EE301AD6CD4E00135F02 /* save.png */ = {isa = PBXFileReference; lastKnownFileType = image.png; path = save.png; sourceTree = "<group>"; };
		2A6EFB061ACA537B008091E5 /* back.png */ = {isa = PBXFileReference; lastKnownFileType = image.png; path = back.png; sourceTree = "<group>"; };
		2A82B7541ADAAB2F00AE3946 /* MobileCoreServices.framework */ = {isa = PBXFileReference; lastKnownFileType = wrapper.framework; name = MobileCoreServices.framework; path = System/Library/Frameworks/MobileCoreServices.framework; sourceTree = SDKROOT; };
		2A82B7561ADAAC0700AE3946 /* CoreText.framework */ = {isa = PBXFileReference; lastKnownFileType = wrapper.framework; name = CoreText.framework; path = System/Library/Frameworks/CoreText.framework; sourceTree = SDKROOT; };
		2A82B7581ADAAC0E00AE3946 /* QuartzCore.framework */ = {isa = PBXFileReference; lastKnownFileType = wrapper.framework; name = QuartzCore.framework; path = System/Library/Frameworks/QuartzCore.framework; sourceTree = SDKROOT; };
		2A82B75A1ADAACA000AE3946 /* ImageIO.framework */ = {isa = PBXFileReference; lastKnownFileType = wrapper.framework; name = ImageIO.framework; path = System/Library/Frameworks/ImageIO.framework; sourceTree = SDKROOT; };
		2A82B75C1ADAACA900AE3946 /* libxml2.dylib */ = {isa = PBXFileReference; lastKnownFileType = "compiled.mach-o.dylib"; name = libxml2.dylib; path = usr/lib/libxml2.dylib; sourceTree = SDKROOT; };
		2A8CD20D1ACD947B000D672F /* AddRemindViewController.swift */ = {isa = PBXFileReference; fileEncoding = 4; lastKnownFileType = sourcecode.swift; path = AddRemindViewController.swift; sourceTree = "<group>"; };
		2A9114DC1AD3887E00EB250A /* Remind.swift */ = {isa = PBXFileReference; fileEncoding = 4; lastKnownFileType = sourcecode.swift; path = Remind.swift; sourceTree = "<group>"; };
		2AA8349F1AD57F5E00A94B13 /* gradualchange.swift */ = {isa = PBXFileReference; fileEncoding = 4; lastKnownFileType = sourcecode.swift; path = gradualchange.swift; sourceTree = "<group>"; };
		2AA834A11AD57F8B00A94B13 /* Memory-Bridging-Header.h */ = {isa = PBXFileReference; lastKnownFileType = sourcecode.c.h; path = "Memory-Bridging-Header.h"; sourceTree = "<group>"; };
		2AA834A21AD57F8C00A94B13 /* JNWSpringAnimation.h */ = {isa = PBXFileReference; fileEncoding = 4; lastKnownFileType = sourcecode.c.h; path = JNWSpringAnimation.h; sourceTree = "<group>"; };
		2AA834A31AD57F8C00A94B13 /* JNWSpringAnimation.m */ = {isa = PBXFileReference; fileEncoding = 4; lastKnownFileType = sourcecode.c.objc; path = JNWSpringAnimation.m; sourceTree = "<group>"; };
		2AA834A41AD57F8C00A94B13 /* NSValue+JNWAdditions.h */ = {isa = PBXFileReference; fileEncoding = 4; lastKnownFileType = sourcecode.c.h; path = "NSValue+JNWAdditions.h"; sourceTree = "<group>"; };
		2AA834A51AD57F8C00A94B13 /* NSValue+JNWAdditions.m */ = {isa = PBXFileReference; fileEncoding = 4; lastKnownFileType = sourcecode.c.objc; path = "NSValue+JNWAdditions.m"; sourceTree = "<group>"; };
		2AC4A06E1ACADBF800D73D82 /* Memory.xcdatamodel */ = {isa = PBXFileReference; lastKnownFileType = wrapper.xcdatamodel; path = Memory.xcdatamodel; sourceTree = "<group>"; };
		2AC4A0701ACAEC3A00D73D82 /* protocol.swift */ = {isa = PBXFileReference; fileEncoding = 4; lastKnownFileType = sourcecode.swift; path = protocol.swift; sourceTree = "<group>"; };
		2ACBCB9C1AC99F8900832243 /* AddBillViewController.swift */ = {isa = PBXFileReference; fileEncoding = 4; lastKnownFileType = sourcecode.swift; path = AddBillViewController.swift; sourceTree = "<group>"; };
		2AF310DF1AC80C6E00A6AADC /* Memory.app */ = {isa = PBXFileReference; explicitFileType = wrapper.application; includeInIndex = 0; path = Memory.app; sourceTree = BUILT_PRODUCTS_DIR; };
		2AF310E31AC80C6E00A6AADC /* Info.plist */ = {isa = PBXFileReference; lastKnownFileType = text.plist.xml; path = Info.plist; sourceTree = "<group>"; };
		2AF310E41AC80C6E00A6AADC /* AppDelegate.swift */ = {isa = PBXFileReference; lastKnownFileType = sourcecode.swift; path = AppDelegate.swift; sourceTree = "<group>"; };
		2AF310EC1AC80C6E00A6AADC /* Base */ = {isa = PBXFileReference; lastKnownFileType = file.storyboard; name = Base; path = Base.lproj/Main.storyboard; sourceTree = "<group>"; };
		2AF310EE1AC80C6E00A6AADC /* Images.xcassets */ = {isa = PBXFileReference; lastKnownFileType = folder.assetcatalog; path = Images.xcassets; sourceTree = "<group>"; };
		2AF310F11AC80C6E00A6AADC /* Base */ = {isa = PBXFileReference; lastKnownFileType = file.xib; name = Base; path = Base.lproj/LaunchScreen.xib; sourceTree = "<group>"; };
		2AF310F71AC80C6E00A6AADC /* MemoryTests.xctest */ = {isa = PBXFileReference; explicitFileType = wrapper.cfbundle; includeInIndex = 0; path = MemoryTests.xctest; sourceTree = BUILT_PRODUCTS_DIR; };
		2AF310FC1AC80C6E00A6AADC /* Info.plist */ = {isa = PBXFileReference; lastKnownFileType = text.plist.xml; path = Info.plist; sourceTree = "<group>"; };
		2AF310FD1AC80C6E00A6AADC /* MemoryTests.swift */ = {isa = PBXFileReference; lastKnownFileType = sourcecode.swift; path = MemoryTests.swift; sourceTree = "<group>"; };
		2AF311211AC8391F00A6AADC /* TabBarViewController.swift */ = {isa = PBXFileReference; fileEncoding = 4; lastKnownFileType = sourcecode.swift; path = TabBarViewController.swift; sourceTree = "<group>"; };
		2AF311231AC83A2900A6AADC /* OverViewTableViewController.swift */ = {isa = PBXFileReference; fileEncoding = 4; lastKnownFileType = sourcecode.swift; path = OverViewTableViewController.swift; sourceTree = "<group>"; };
		2AF311271AC847C100A6AADC /* AddMemoViewController.swift */ = {isa = PBXFileReference; fileEncoding = 4; lastKnownFileType = sourcecode.swift; path = AddMemoViewController.swift; sourceTree = "<group>"; };
		2AF311311AC85C2700A6AADC /* BillTableViewController.swift */ = {isa = PBXFileReference; fileEncoding = 4; lastKnownFileType = sourcecode.swift; path = BillTableViewController.swift; sourceTree = "<group>"; };
		2AF311331AC85C5300A6AADC /* RemindTableViewController.swift */ = {isa = PBXFileReference; fileEncoding = 4; lastKnownFileType = sourcecode.swift; path = RemindTableViewController.swift; sourceTree = "<group>"; };
		2AF311351AC85C6000A6AADC /* MemoTableViewController.swift */ = {isa = PBXFileReference; fileEncoding = 4; lastKnownFileType = sourcecode.swift; path = MemoTableViewController.swift; sourceTree = "<group>"; };
		2AF311371AC85C8200A6AADC /* EssayTableViewController.swift */ = {isa = PBXFileReference; fileEncoding = 4; lastKnownFileType = sourcecode.swift; path = EssayTableViewController.swift; sourceTree = "<group>"; };
		2AF371051ADC07B700C9733F /* DTCoreText.xcodeproj */ = {isa = PBXFileReference; lastKnownFileType = "wrapper.pb-project"; name = DTCoreText.xcodeproj; path = ../../../Externals/DTCoreText/DTCoreText.xcodeproj; sourceTree = "<group>"; };
/* End PBXFileReference section */

/* Begin PBXFrameworksBuildPhase section */
		2AF310DC1AC80C6E00A6AADC /* Frameworks */ = {
			isa = PBXFrameworksBuildPhase;
			buildActionMask = 2147483647;
			files = (
				2A82B75D1ADAACA900AE3946 /* libxml2.dylib in Frameworks */,
				2A82B75B1ADAACA000AE3946 /* ImageIO.framework in Frameworks */,
				2A82B7591ADAAC0E00AE3946 /* QuartzCore.framework in Frameworks */,
				2A82B7571ADAAC0700AE3946 /* CoreText.framework in Frameworks */,
				2A82B7551ADAAB2F00AE3946 /* MobileCoreServices.framework in Frameworks */,
			);
			runOnlyForDeploymentPostprocessing = 0;
		};
		2AF310F41AC80C6E00A6AADC /* Frameworks */ = {
			isa = PBXFrameworksBuildPhase;
			buildActionMask = 2147483647;
			files = (
			);
			runOnlyForDeploymentPostprocessing = 0;
		};
/* End PBXFrameworksBuildPhase section */

/* Begin PBXGroup section */
		2A6EFB051ACA536A008091E5 /* image */ = {
			isa = PBXGroup;
			children = (
				2A51EE301AD6CD4E00135F02 /* save.png */,
				2A51EE2E1AD6CD4600135F02 /* insert.png */,
				2A6EFB061ACA537B008091E5 /* back.png */,
			);
			name = image;
			sourceTree = "<group>";
		};
		2A82B7371ADAA98A00AE3946 /* External */ = {
			isa = PBXGroup;
			children = (
				2AF371051ADC07B700C9733F /* DTCoreText.xcodeproj */,
			);
			name = External;
			sourceTree = "<group>";
		};
		2A9621331AD95B0D00B3BFF1 /* Model */ = {
			isa = PBXGroup;
			children = (
				2AF311211AC8391F00A6AADC /* TabBarViewController.swift */,
				2AF311231AC83A2900A6AADC /* OverViewTableViewController.swift */,
				2AF311351AC85C6000A6AADC /* MemoTableViewController.swift */,
				2AF311311AC85C2700A6AADC /* BillTableViewController.swift */,
				2AF311371AC85C8200A6AADC /* EssayTableViewController.swift */,
				2AF311331AC85C5300A6AADC /* RemindTableViewController.swift */,
			);
			name = Model;
			sourceTree = "<group>";
		};
		2A9621341AD95B1600B3BFF1 /* View */ = {
			isa = PBXGroup;
			children = (
				2A39F5061AD3D42300431052 /* MemoViewController.swift */,
			);
			name = View;
			sourceTree = "<group>";
		};
		2A9621351AD95B1C00B3BFF1 /* Controller */ = {
			isa = PBXGroup;
			children = (
				2AF311271AC847C100A6AADC /* AddMemoViewController.swift */,
				2ACBCB9C1AC99F8900832243 /* AddBillViewController.swift */,
				2A8CD20D1ACD947B000D672F /* AddRemindViewController.swift */,
			);
			name = Controller;
			sourceTree = "<group>";
		};
		2A9621361AD95B6100B3BFF1 /* External */ = {
			isa = PBXGroup;
			children = (
				2A9114DC1AD3887E00EB250A /* Remind.swift */,
				2AA8349F1AD57F5E00A94B13 /* gradualchange.swift */,
				2AC4A0701ACAEC3A00D73D82 /* protocol.swift */,
				2AA834A21AD57F8C00A94B13 /* JNWSpringAnimation.h */,
				2AA834A31AD57F8C00A94B13 /* JNWSpringAnimation.m */,
				2AA834A41AD57F8C00A94B13 /* NSValue+JNWAdditions.h */,
				2AA834A51AD57F8C00A94B13 /* NSValue+JNWAdditions.m */,
				2AA834A11AD57F8B00A94B13 /* Memory-Bridging-Header.h */,
			);
			name = External;
			sourceTree = "<group>";
		};
		2AF310D61AC80C6E00A6AADC = {
			isa = PBXGroup;
			children = (
				2A82B75C1ADAACA900AE3946 /* libxml2.dylib */,
				2A82B75A1ADAACA000AE3946 /* ImageIO.framework */,
				2A82B7581ADAAC0E00AE3946 /* QuartzCore.framework */,
				2A82B7561ADAAC0700AE3946 /* CoreText.framework */,
				2A82B7541ADAAB2F00AE3946 /* MobileCoreServices.framework */,
				2A82B7371ADAA98A00AE3946 /* External */,
				2AF310E11AC80C6E00A6AADC /* Memory */,
				2AF310FA1AC80C6E00A6AADC /* MemoryTests */,
				2AF310E01AC80C6E00A6AADC /* Products */,
			);
			sourceTree = "<group>";
		};
		2AF310E01AC80C6E00A6AADC /* Products */ = {
			isa = PBXGroup;
			children = (
				2AF310DF1AC80C6E00A6AADC /* Memory.app */,
				2AF310F71AC80C6E00A6AADC /* MemoryTests.xctest */,
			);
			name = Products;
			sourceTree = "<group>";
		};
		2AF310E11AC80C6E00A6AADC /* Memory */ = {
			isa = PBXGroup;
			children = (
				2A9621361AD95B6100B3BFF1 /* External */,
				2A9621331AD95B0D00B3BFF1 /* Model */,
				2A9621341AD95B1600B3BFF1 /* View */,
				2A9621351AD95B1C00B3BFF1 /* Controller */,
				2A6EFB051ACA536A008091E5 /* image */,
				2AF310E41AC80C6E00A6AADC /* AppDelegate.swift */,
				2AF310EB1AC80C6E00A6AADC /* Main.storyboard */,
				2AF310EE1AC80C6E00A6AADC /* Images.xcassets */,
				2AF310F01AC80C6E00A6AADC /* LaunchScreen.xib */,
				2AF310E21AC80C6E00A6AADC /* Supporting Files */,
				2AC4A06D1ACADBF800D73D82 /* Memory.xcdatamodeld */,
			);
			path = Memory;
			sourceTree = "<group>";
		};
		2AF310E21AC80C6E00A6AADC /* Supporting Files */ = {
			isa = PBXGroup;
			children = (
				2AF310E31AC80C6E00A6AADC /* Info.plist */,
			);
			name = "Supporting Files";
			sourceTree = "<group>";
		};
		2AF310FA1AC80C6E00A6AADC /* MemoryTests */ = {
			isa = PBXGroup;
			children = (
				2AF310FD1AC80C6E00A6AADC /* MemoryTests.swift */,
				2AF310FB1AC80C6E00A6AADC /* Supporting Files */,
			);
			path = MemoryTests;
			sourceTree = "<group>";
		};
		2AF310FB1AC80C6E00A6AADC /* Supporting Files */ = {
			isa = PBXGroup;
			children = (
				2AF310FC1AC80C6E00A6AADC /* Info.plist */,
			);
			name = "Supporting Files";
			sourceTree = "<group>";
		};
		2AF371061ADC07B700C9733F /* Products */ = {
			isa = PBXGroup;
			children = (
				2AF371121ADC07B700C9733F /* RTDemoApp.app */,
				2AF371141ADC07B700C9733F /* DTCoreText.framework */,
				2AF371161ADC07B700C9733F /* libDTCoreText.a */,
				2AF371181ADC07B700C9733F /* UnitTest.xctest */,
				2AF3711A1ADC07B700C9733F /* MacUnitTest.xctest */,
				2AF3711C1ADC07B700C9733F /* libDTCoreText_no_DTFoundation.a */,
				2AF3711E1ADC07B700C9733F /* DTCoreText.framework */,
			);
			name = Products;
			sourceTree = "<group>";
		};
/* End PBXGroup section */

/* Begin PBXNativeTarget section */
		2AF310DE1AC80C6E00A6AADC /* Memory */ = {
			isa = PBXNativeTarget;
			buildConfigurationList = 2AF311011AC80C6E00A6AADC /* Build configuration list for PBXNativeTarget "Memory" */;
			buildPhases = (
				2AF310DB1AC80C6E00A6AADC /* Sources */,
				2AF310DC1AC80C6E00A6AADC /* Frameworks */,
				2AF310DD1AC80C6E00A6AADC /* Resources */,
			);
			buildRules = (
			);
			dependencies = (
			);
			name = Memory;
			productName = Memory;
			productReference = 2AF310DF1AC80C6E00A6AADC /* Memory.app */;
			productType = "com.apple.product-type.application";
		};
		2AF310F61AC80C6E00A6AADC /* MemoryTests */ = {
			isa = PBXNativeTarget;
			buildConfigurationList = 2AF311041AC80C6E00A6AADC /* Build configuration list for PBXNativeTarget "MemoryTests" */;
			buildPhases = (
				2AF310F31AC80C6E00A6AADC /* Sources */,
				2AF310F41AC80C6E00A6AADC /* Frameworks */,
				2AF310F51AC80C6E00A6AADC /* Resources */,
			);
			buildRules = (
			);
			dependencies = (
				2AF310F91AC80C6E00A6AADC /* PBXTargetDependency */,
			);
			name = MemoryTests;
			productName = MemoryTests;
			productReference = 2AF310F71AC80C6E00A6AADC /* MemoryTests.xctest */;
			productType = "com.apple.product-type.bundle.unit-test";
		};
/* End PBXNativeTarget section */

/* Begin PBXProject section */
		2AF310D71AC80C6E00A6AADC /* Project object */ = {
			isa = PBXProject;
			attributes = {
				LastUpgradeCheck = 0620;
				ORGANIZATIONNAME = xlx;
				TargetAttributes = {
					2AF310DE1AC80C6E00A6AADC = {
						CreatedOnToolsVersion = 6.2;
					};
					2AF310F61AC80C6E00A6AADC = {
						CreatedOnToolsVersion = 6.2;
						TestTargetID = 2AF310DE1AC80C6E00A6AADC;
					};
				};
			};
			buildConfigurationList = 2AF310DA1AC80C6E00A6AADC /* Build configuration list for PBXProject "Memory" */;
			compatibilityVersion = "Xcode 3.2";
			developmentRegion = English;
			hasScannedForEncodings = 0;
			knownRegions = (
				en,
				Base,
			);
			mainGroup = 2AF310D61AC80C6E00A6AADC;
			productRefGroup = 2AF310E01AC80C6E00A6AADC /* Products */;
			projectDirPath = "";
			projectReferences = (
				{
					ProductGroup = 2AF371061ADC07B700C9733F /* Products */;
					ProjectRef = 2AF371051ADC07B700C9733F /* DTCoreText.xcodeproj */;
				},
			);
			projectRoot = "";
			targets = (
				2AF310DE1AC80C6E00A6AADC /* Memory */,
				2AF310F61AC80C6E00A6AADC /* MemoryTests */,
			);
		};
/* End PBXProject section */

/* Begin PBXReferenceProxy section */
		2AF371121ADC07B700C9733F /* RTDemoApp.app */ = {
			isa = PBXReferenceProxy;
			fileType = wrapper.application;
			path = RTDemoApp.app;
			remoteRef = 2AF371111ADC07B700C9733F /* PBXContainerItemProxy */;
			sourceTree = BUILT_PRODUCTS_DIR;
		};
		2AF371141ADC07B700C9733F /* DTCoreText.framework */ = {
			isa = PBXReferenceProxy;
			fileType = wrapper.cfbundle;
			path = DTCoreText.framework;
			remoteRef = 2AF371131ADC07B700C9733F /* PBXContainerItemProxy */;
			sourceTree = BUILT_PRODUCTS_DIR;
		};
		2AF371161ADC07B700C9733F /* libDTCoreText.a */ = {
			isa = PBXReferenceProxy;
			fileType = archive.ar;
			path = libDTCoreText.a;
			remoteRef = 2AF371151ADC07B700C9733F /* PBXContainerItemProxy */;
			sourceTree = BUILT_PRODUCTS_DIR;
		};
		2AF371181ADC07B700C9733F /* UnitTest.xctest */ = {
			isa = PBXReferenceProxy;
			fileType = wrapper.cfbundle;
			path = UnitTest.xctest;
			remoteRef = 2AF371171ADC07B700C9733F /* PBXContainerItemProxy */;
			sourceTree = BUILT_PRODUCTS_DIR;
		};
		2AF3711A1ADC07B700C9733F /* MacUnitTest.xctest */ = {
			isa = PBXReferenceProxy;
			fileType = wrapper.cfbundle;
			path = MacUnitTest.xctest;
			remoteRef = 2AF371191ADC07B700C9733F /* PBXContainerItemProxy */;
			sourceTree = BUILT_PRODUCTS_DIR;
		};
		2AF3711C1ADC07B700C9733F /* libDTCoreText_no_DTFoundation.a */ = {
			isa = PBXReferenceProxy;
			fileType = archive.ar;
			path = libDTCoreText_no_DTFoundation.a;
			remoteRef = 2AF3711B1ADC07B700C9733F /* PBXContainerItemProxy */;
			sourceTree = BUILT_PRODUCTS_DIR;
		};
		2AF3711E1ADC07B700C9733F /* DTCoreText.framework */ = {
			isa = PBXReferenceProxy;
			fileType = wrapper.framework;
			path = DTCoreText.framework;
			remoteRef = 2AF3711D1ADC07B700C9733F /* PBXContainerItemProxy */;
			sourceTree = BUILT_PRODUCTS_DIR;
		};
/* End PBXReferenceProxy section */

/* Begin PBXResourcesBuildPhase section */
		2AF310DD1AC80C6E00A6AADC /* Resources */ = {
			isa = PBXResourcesBuildPhase;
			buildActionMask = 2147483647;
			files = (
				2A6EFB071ACA537B008091E5 /* back.png in Resources */,
				2AF310ED1AC80C6E00A6AADC /* Main.storyboard in Resources */,
				2A51EE311AD6CD4E00135F02 /* save.png in Resources */,
				2AF310F21AC80C6E00A6AADC /* LaunchScreen.xib in Resources */,
				2AF310EF1AC80C6E00A6AADC /* Images.xcassets in Resources */,
				2A51EE2F1AD6CD4600135F02 /* insert.png in Resources */,
			);
			runOnlyForDeploymentPostprocessing = 0;
		};
		2AF310F51AC80C6E00A6AADC /* Resources */ = {
			isa = PBXResourcesBuildPhase;
			buildActionMask = 2147483647;
			files = (
			);
			runOnlyForDeploymentPostprocessing = 0;
		};
/* End PBXResourcesBuildPhase section */

/* Begin PBXSourcesBuildPhase section */
		2AF310DB1AC80C6E00A6AADC /* Sources */ = {
			isa = PBXSourcesBuildPhase;
			buildActionMask = 2147483647;
			files = (
				2AA834A01AD57F5E00A94B13 /* gradualchange.swift in Sources */,
				2AA834A61AD57F8C00A94B13 /* JNWSpringAnimation.m in Sources */,
				2AF311281AC847C100A6AADC /* AddMemoViewController.swift in Sources */,
				2AF311221AC8391F00A6AADC /* TabBarViewController.swift in Sources */,
				2AC4A06F1ACADBF800D73D82 /* Memory.xcdatamodeld in Sources */,
				2AF311241AC83A2900A6AADC /* OverViewTableViewController.swift in Sources */,
				2A39F5071AD3D42300431052 /* MemoViewController.swift in Sources */,
				2AF311381AC85C8200A6AADC /* EssayTableViewController.swift in Sources */,
				2ACBCB9D1AC99F8900832243 /* AddBillViewController.swift in Sources */,
				2AF311321AC85C2700A6AADC /* BillTableViewController.swift in Sources */,
				2A8CD20E1ACD947B000D672F /* AddRemindViewController.swift in Sources */,
				2AF311361AC85C6000A6AADC /* MemoTableViewController.swift in Sources */,
				2AA834A71AD57F8C00A94B13 /* NSValue+JNWAdditions.m in Sources */,
				2AC4A0711ACAEC3A00D73D82 /* protocol.swift in Sources */,
				2AF310E51AC80C6E00A6AADC /* AppDelegate.swift in Sources */,
				2A9114DD1AD3887E00EB250A /* Remind.swift in Sources */,
				2AF311341AC85C5300A6AADC /* RemindTableViewController.swift in Sources */,
			);
			runOnlyForDeploymentPostprocessing = 0;
		};
		2AF310F31AC80C6E00A6AADC /* Sources */ = {
			isa = PBXSourcesBuildPhase;
			buildActionMask = 2147483647;
			files = (
				2AF310FE1AC80C6E00A6AADC /* MemoryTests.swift in Sources */,
			);
			runOnlyForDeploymentPostprocessing = 0;
		};
/* End PBXSourcesBuildPhase section */

/* Begin PBXTargetDependency section */
		2AF310F91AC80C6E00A6AADC /* PBXTargetDependency */ = {
			isa = PBXTargetDependency;
			target = 2AF310DE1AC80C6E00A6AADC /* Memory */;
			targetProxy = 2AF310F81AC80C6E00A6AADC /* PBXContainerItemProxy */;
		};
/* End PBXTargetDependency section */

/* Begin PBXVariantGroup section */
		2AF310EB1AC80C6E00A6AADC /* Main.storyboard */ = {
			isa = PBXVariantGroup;
			children = (
				2AF310EC1AC80C6E00A6AADC /* Base */,
			);
			name = Main.storyboard;
			sourceTree = "<group>";
		};
		2AF310F01AC80C6E00A6AADC /* LaunchScreen.xib */ = {
			isa = PBXVariantGroup;
			children = (
				2AF310F11AC80C6E00A6AADC /* Base */,
			);
			name = LaunchScreen.xib;
			sourceTree = "<group>";
		};
/* End PBXVariantGroup section */

/* Begin XCBuildConfiguration section */
		2AF310FF1AC80C6E00A6AADC /* Debug */ = {
			isa = XCBuildConfiguration;
			buildSettings = {
				ALWAYS_SEARCH_USER_PATHS = NO;
				CLANG_CXX_LANGUAGE_STANDARD = "gnu++0x";
				CLANG_CXX_LIBRARY = "libc++";
				CLANG_ENABLE_MODULES = YES;
				CLANG_ENABLE_OBJC_ARC = YES;
				CLANG_WARN_BOOL_CONVERSION = YES;
				CLANG_WARN_CONSTANT_CONVERSION = YES;
				CLANG_WARN_DIRECT_OBJC_ISA_USAGE = YES_ERROR;
				CLANG_WARN_EMPTY_BODY = YES;
				CLANG_WARN_ENUM_CONVERSION = YES;
				CLANG_WARN_INT_CONVERSION = YES;
				CLANG_WARN_OBJC_ROOT_CLASS = YES_ERROR;
				CLANG_WARN_UNREACHABLE_CODE = YES;
				CLANG_WARN__DUPLICATE_METHOD_MATCH = YES;
				"CODE_SIGN_IDENTITY[sdk=iphoneos*]" = "iPhone Developer";
				COPY_PHASE_STRIP = NO;
				ENABLE_STRICT_OBJC_MSGSEND = YES;
				GCC_C_LANGUAGE_STANDARD = gnu99;
				GCC_DYNAMIC_NO_PIC = NO;
				GCC_OPTIMIZATION_LEVEL = 0;
				GCC_PREPROCESSOR_DEFINITIONS = (
					"DEBUG=1",
					"$(inherited)",
				);
				GCC_SYMBOLS_PRIVATE_EXTERN = NO;
				GCC_WARN_64_TO_32_BIT_CONVERSION = YES;
				GCC_WARN_ABOUT_RETURN_TYPE = YES_ERROR;
				GCC_WARN_UNDECLARED_SELECTOR = YES;
				GCC_WARN_UNINITIALIZED_AUTOS = YES_AGGRESSIVE;
				GCC_WARN_UNUSED_FUNCTION = YES;
				GCC_WARN_UNUSED_VARIABLE = YES;
				IPHONEOS_DEPLOYMENT_TARGET = 8.2;
				MTL_ENABLE_DEBUG_INFO = YES;
				ONLY_ACTIVE_ARCH = YES;
				SDKROOT = iphoneos;
				SWIFT_OPTIMIZATION_LEVEL = "-Onone";
				TARGETED_DEVICE_FAMILY = "1,2";
			};
			name = Debug;
		};
		2AF311001AC80C6E00A6AADC /* Release */ = {
			isa = XCBuildConfiguration;
			buildSettings = {
				ALWAYS_SEARCH_USER_PATHS = NO;
				CLANG_CXX_LANGUAGE_STANDARD = "gnu++0x";
				CLANG_CXX_LIBRARY = "libc++";
				CLANG_ENABLE_MODULES = YES;
				CLANG_ENABLE_OBJC_ARC = YES;
				CLANG_WARN_BOOL_CONVERSION = YES;
				CLANG_WARN_CONSTANT_CONVERSION = YES;
				CLANG_WARN_DIRECT_OBJC_ISA_USAGE = YES_ERROR;
				CLANG_WARN_EMPTY_BODY = YES;
				CLANG_WARN_ENUM_CONVERSION = YES;
				CLANG_WARN_INT_CONVERSION = YES;
				CLANG_WARN_OBJC_ROOT_CLASS = YES_ERROR;
				CLANG_WARN_UNREACHABLE_CODE = YES;
				CLANG_WARN__DUPLICATE_METHOD_MATCH = YES;
				"CODE_SIGN_IDENTITY[sdk=iphoneos*]" = "iPhone Developer";
				COPY_PHASE_STRIP = NO;
				ENABLE_NS_ASSERTIONS = NO;
				ENABLE_STRICT_OBJC_MSGSEND = YES;
				GCC_C_LANGUAGE_STANDARD = gnu99;
				GCC_WARN_64_TO_32_BIT_CONVERSION = YES;
				GCC_WARN_ABOUT_RETURN_TYPE = YES_ERROR;
				GCC_WARN_UNDECLARED_SELECTOR = YES;
				GCC_WARN_UNINITIALIZED_AUTOS = YES_AGGRESSIVE;
				GCC_WARN_UNUSED_FUNCTION = YES;
				GCC_WARN_UNUSED_VARIABLE = YES;
				IPHONEOS_DEPLOYMENT_TARGET = 8.2;
				MTL_ENABLE_DEBUG_INFO = NO;
				SDKROOT = iphoneos;
				TARGETED_DEVICE_FAMILY = "1,2";
				VALIDATE_PRODUCT = YES;
			};
			name = Release;
		};
		2AF311021AC80C6E00A6AADC /* Debug */ = {
			isa = XCBuildConfiguration;
			buildSettings = {
				ARCHS = "$(ARCHS_STANDARD)";
				ASSETCATALOG_COMPILER_APPICON_NAME = AppIcon;
				CLANG_ENABLE_MODULES = YES;
				FRAMEWORK_SEARCH_PATHS = (
					/Users/xlx/DTCoreText/Core/Source,
					/Users/xlx/DTCoreText/Externals/DTFoundation/Core/Source,
					/Users/xlx/DTCoreText/Externals/DTFoundation/Core/Source/DTHTMLParser,
				);
				GCC_INPUT_FILETYPE = automatic;
				HEADER_SEARCH_PATHS = (
					"$(inherited)",
					/Applications/Xcode.app/Contents/Developer/Toolchains/XcodeDefault.xctoolchain/usr/include,
					/Users/xlx/DTCoreText/Externals/DTFoundation/Core/Source/DTHTMLParser,
					/Users/xlx/DTCoreText/Externals/DTFoundation/Core/Source,
					/Users/xlx/DTCoreText/Core/Source,
				);
				INFOPLIST_FILE = Memory/Info.plist;
				LD_RUNPATH_SEARCH_PATHS = "$(inherited) @executable_path/Frameworks";
				LIBRARY_SEARCH_PATHS = (
					/Users/xlx/DTCoreText/Core/Source,
					/Users/xlx/DTCoreText/Externals/DTFoundation/Core/Source,
					/Users/xlx/DTCoreText/Externals/DTFoundation/Core/Source/DTHTMLParser,
				);
				OTHER_LDFLAGS = "-ObjC";
				PRODUCT_NAME = "$(TARGET_NAME)";
				SWIFT_OBJC_BRIDGING_HEADER = "Memory/Memory-Bridging-Header.h";
				SWIFT_OPTIMIZATION_LEVEL = "-Onone";
				USER_HEADER_SEARCH_PATHS = "/Users/xlx/DTCoreText/Core/Source /Users/xlx/DTCoreText/Externals/DTFoundation/Core/Source /Users/xlx/DTCoreText/Externals/DTFoundation/Core/Source/DTHTMLParser";
			};
			name = Debug;
		};
		2AF311031AC80C6E00A6AADC /* Release */ = {
			isa = XCBuildConfiguration;
			buildSettings = {
				ARCHS = "$(ARCHS_STANDARD)";
				ASSETCATALOG_COMPILER_APPICON_NAME = AppIcon;
				CLANG_ENABLE_MODULES = YES;
				FRAMEWORK_SEARCH_PATHS = (
					/Users/xlx/DTCoreText/Core/Source,
					/Users/xlx/DTCoreText/Externals/DTFoundation/Core/Source,
					/Users/xlx/DTCoreText/Externals/DTFoundation/Core/Source/DTHTMLParser,
				);
				GCC_INPUT_FILETYPE = automatic;
				HEADER_SEARCH_PATHS = (
					"$(inherited)",
					/Applications/Xcode.app/Contents/Developer/Toolchains/XcodeDefault.xctoolchain/usr/include,
					/Users/xlx/DTCoreText/Externals/DTFoundation/Core/Source/DTHTMLParser,
					/Users/xlx/DTCoreText/Externals/DTFoundation/Core/Source,
					/Users/xlx/DTCoreText/Core/Source,
				);
				INFOPLIST_FILE = Memory/Info.plist;
				LD_RUNPATH_SEARCH_PATHS = "$(inherited) @executable_path/Frameworks";
				LIBRARY_SEARCH_PATHS = (
					/Users/xlx/DTCoreText/Core/Source,
					/Users/xlx/DTCoreText/Externals/DTFoundation/Core/Source,
					/Users/xlx/DTCoreText/Externals/DTFoundation/Core/Source/DTHTMLParser,
				);
				OTHER_LDFLAGS = "-ObjC";
				PRODUCT_NAME = "$(TARGET_NAME)";
				SWIFT_OBJC_BRIDGING_HEADER = "Memory/Memory-Bridging-Header.h";
				USER_HEADER_SEARCH_PATHS = "/Users/xlx/DTCoreText/Core/Source /Users/xlx/DTCoreText/Externals/DTFoundation/Core/Source /Users/xlx/DTCoreText/Externals/DTFoundation/Core/Source/DTHTMLParser";
			};
			name = Release;
		};
		2AF311051AC80C6E00A6AADC /* Debug */ = {
			isa = XCBuildConfiguration;
			buildSettings = {
				BUNDLE_LOADER = "$(TEST_HOST)";
				FRAMEWORK_SEARCH_PATHS = (
					"$(SDKROOT)/Developer/Library/Frameworks",
					"$(inherited)",
				);
				GCC_PREPROCESSOR_DEFINITIONS = (
					"DEBUG=1",
					"$(inherited)",
				);
				INFOPLIST_FILE = MemoryTests/Info.plist;
				LD_RUNPATH_SEARCH_PATHS = "$(inherited) @executable_path/Frameworks @loader_path/Frameworks";
				PRODUCT_NAME = "$(TARGET_NAME)";
				TEST_HOST = "$(BUILT_PRODUCTS_DIR)/Memory.app/Memory";
			};
			name = Debug;
		};
		2AF311061AC80C6E00A6AADC /* Release */ = {
			isa = XCBuildConfiguration;
			buildSettings = {
				BUNDLE_LOADER = "$(TEST_HOST)";
				FRAMEWORK_SEARCH_PATHS = (
					"$(SDKROOT)/Developer/Library/Frameworks",
					"$(inherited)",
				);
				INFOPLIST_FILE = MemoryTests/Info.plist;
				LD_RUNPATH_SEARCH_PATHS = "$(inherited) @executable_path/Frameworks @loader_path/Frameworks";
				PRODUCT_NAME = "$(TARGET_NAME)";
				TEST_HOST = "$(BUILT_PRODUCTS_DIR)/Memory.app/Memory";
			};
			name = Release;
		};
/* End XCBuildConfiguration section */

/* Begin XCConfigurationList section */
		2AF310DA1AC80C6E00A6AADC /* Build configuration list for PBXProject "Memory" */ = {
			isa = XCConfigurationList;
			buildConfigurations = (
				2AF310FF1AC80C6E00A6AADC /* Debug */,
				2AF311001AC80C6E00A6AADC /* Release */,
			);
			defaultConfigurationIsVisible = 0;
			defaultConfigurationName = Release;
		};
		2AF311011AC80C6E00A6AADC /* Build configuration list for PBXNativeTarget "Memory" */ = {
			isa = XCConfigurationList;
			buildConfigurations = (
				2AF311021AC80C6E00A6AADC /* Debug */,
				2AF311031AC80C6E00A6AADC /* Release */,
			);
			defaultConfigurationIsVisible = 0;
			defaultConfigurationName = Release;
		};
		2AF311041AC80C6E00A6AADC /* Build configuration list for PBXNativeTarget "MemoryTests" */ = {
			isa = XCConfigurationList;
			buildConfigurations = (
				2AF311051AC80C6E00A6AADC /* Debug */,
				2AF311061AC80C6E00A6AADC /* Release */,
			);
			defaultConfigurationIsVisible = 0;
			defaultConfigurationName = Release;
		};
/* End XCConfigurationList section */

/* Begin XCVersionGroup section */
		2AC4A06D1ACADBF800D73D82 /* Memory.xcdatamodeld */ = {
			isa = XCVersionGroup;
			children = (
				2AC4A06E1ACADBF800D73D82 /* Memory.xcdatamodel */,
			);
			currentVersion = 2AC4A06E1ACADBF800D73D82 /* Memory.xcdatamodel */;
			path = Memory.xcdatamodeld;
			sourceTree = "<group>";
			versionGroupType = wrapper.xcdatamodel;
		};
/* End XCVersionGroup section */
	};
	rootObject = 2AF310D71AC80C6E00A6AADC /* Project object */;
}
